
Microsoft Visual Studio Solution File, Format Version 12.00
# Visual Studio Express 2013 for Windows Desktop
VisualStudioVersion = 12.0.20827.3
MinimumVisualStudioVersion = 10.0.40219.1
Project("{FAE04EC0-301F-11D3-BF4B-00C04F79EFBC}") = "SmartHomeDomain", "SmartHomeDomain\SmartHomeDomain.csproj", "{750A2B85-CEBB-4D9E-8AB2-61489420C0F7}"
EndProject
Project("{FAE04EC0-301F-11D3-BF4B-00C04F79EFBC}") = "SmartHomeTests", "SmartHomeTests\SmartHomeTests.csproj", "{06085872-8EBF-42DA-8879-523361297DEF}"
EndProject
Global
	GlobalSection(SolutionConfigurationPlatforms) = preSolution
		Debug|Any CPU = Debug|Any CPU
		Release|Any CPU = Release|Any CPU
	EndGlobalSection
	GlobalSection(ProjectConfigurationPlatforms) = postSolution
		{750A2B85-CEBB-4D9E-8AB2-61489420C0F7}.Debug|Any CPU.ActiveCfg = Debug|Any CPU
		{750A2B85-CEBB-4D9E-8AB2-61489420C0F7}.Debug|Any CPU.Build.0 = Debug|Any CPU
		{750A2B85-CEBB-4D9E-8AB2-61489420C0F7}.Release|Any CPU.ActiveCfg = Release|Any CPU
		{750A2B85-CEBB-4D9E-8AB2-61489420C0F7}.Release|Any CPU.Build.0 = Release|Any CPU
		{06085872-8EBF-42DA-8879-523361297DEF}.Debug|Any CPU.ActiveCfg = Debug|Any CPU
		{06085872-8EBF-42DA-8879-523361297DEF}.Debug|Any CPU.Build.0 = Debug|Any CPU
		{06085872-8EBF-42DA-8879-523361297DEF}.Release|Any CPU.ActiveCfg = Release|Any CPU
		{06085872-8EBF-42DA-8879-523361297DEF}.Release|Any CPU.Build.0 = Release|Any CPU
	EndGlobalSection
	GlobalSection(SolutionProperties) = preSolution
		HideSolutionNode = FALSE
	EndGlobalSection
EndGlobal
